
Microsoft Visual Studio Solution File, Format Version 12.00
# Visual Studio Version 17
VisualStudioVersion = 17.7.34018.315
MinimumVisualStudioVersion = 10.0.40219.1
Project("{FAE04EC0-301F-11D3-BF4B-00C04F79EFBC}") = "MixeWonders.Model", "MixeWonders.Model\MixeWonders.Model.csproj", "{DD034CB8-21EC-4CDB-ACBC-008BFB56A0C3}"
EndProject
Project("{FAE04EC0-301F-11D3-BF4B-00C04F79EFBC}") = "MixeWonders.Client", "MixeWonders.Client\MixeWonders.Client.csproj", "{73A2C98A-A24A-4387-9C04-88B1C36D4ED5}"
EndProject
Global
	GlobalSection(SolutionConfigurationPlatforms) = preSolution
		Debug|Any CPU = Debug|Any CPU
		Release|Any CPU = Release|Any CPU
	EndGlobalSection
	GlobalSection(ProjectConfigurationPlatforms) = postSolution
		{DD034CB8-21EC-4CDB-ACBC-008BFB56A0C3}.Debug|Any CPU.ActiveCfg = Debug|Any CPU
		{DD034CB8-21EC-4CDB-ACBC-008BFB56A0C3}.Debug|Any CPU.Build.0 = Debug|Any CPU
		{DD034CB8-21EC-4CDB-ACBC-008BFB56A0C3}.Release|Any CPU.ActiveCfg = Release|Any CPU
		{DD034CB8-21EC-4CDB-ACBC-008BFB56A0C3}.Release|Any CPU.Build.0 = Release|Any CPU
		{73A2C98A-A24A-4387-9C04-88B1C36D4ED5}.Debug|Any CPU.ActiveCfg = Debug|Any CPU
		{73A2C98A-A24A-4387-9C04-88B1C36D4ED5}.Debug|Any CPU.Build.0 = Debug|Any CPU
		{73A2C98A-A24A-4387-9C04-88B1C36D4ED5}.Release|Any CPU.ActiveCfg = Release|Any CPU
		{73A2C98A-A24A-4387-9C04-88B1C36D4ED5}.Release|Any CPU.Build.0 = Release|Any CPU
	EndGlobalSection
	GlobalSection(SolutionProperties) = preSolution
		HideSolutionNode = FALSE
	EndGlobalSection
	GlobalSection(ExtensibilityGlobals) = postSolution
		SolutionGuid = {CA33CF17-6AAE-42B8-9254-064C6DA826BC}
	EndGlobalSection
EndGlobal
